// !$*UTF8*$!
{
	archiveVersion = 1;
	classes = {
	};
	objectVersion = 46;
	objects = {

/* Begin PBXBuildFile section */
		C29CA5AB1854BD2E009FFEB5 /* UIKit.framework in Frameworks */ = {isa = PBXBuildFile; fileRef = C29CA5AA1854BD2E009FFEB5 /* UIKit.framework */; };
		C29CA5AD1854BD2E009FFEB5 /* Foundation.framework in Frameworks */ = {isa = PBXBuildFile; fileRef = C29CA5AC1854BD2E009FFEB5 /* Foundation.framework */; };
		C29CA5AF1854BD2E009FFEB5 /* CoreGraphics.framework in Frameworks */ = {isa = PBXBuildFile; fileRef = C29CA5AE1854BD2E009FFEB5 /* CoreGraphics.framework */; };
		C29CA5B51854BD2E009FFEB5 /* InfoPlist.strings in Resources */ = {isa = PBXBuildFile; fileRef = C29CA5B31854BD2E009FFEB5 /* InfoPlist.strings */; };
		C29CA5B71854BD2E009FFEB5 /* main.m in Sources */ = {isa = PBXBuildFile; fileRef = C29CA5B61854BD2E009FFEB5 /* main.m */; };
		C29CA5BB1854BD2E009FFEB5 /* AppDelegate.m in Sources */ = {isa = PBXBuildFile; fileRef = C29CA5BA1854BD2E009FFEB5 /* AppDelegate.m */; };
		C29CA5BD1854BD2E009FFEB5 /* Default.png in Resources */ = {isa = PBXBuildFile; fileRef = C29CA5BC1854BD2E009FFEB5 /* Default.png */; };
		C29CA5BF1854BD2E009FFEB5 /* Default@2x.png in Resources */ = {isa = PBXBuildFile; fileRef = C29CA5BE1854BD2E009FFEB5 /* Default@2x.png */; };
		C29CA5C11854BD2E009FFEB5 /* Default-568h@2x.png in Resources */ = {isa = PBXBuildFile; fileRef = C29CA5C01854BD2E009FFEB5 /* Default-568h@2x.png */; };
/* End PBXBuildFile section */

/* Begin PBXFileReference section */
		C29CA5A71854BD2E009FFEB5 /* StoryboardOne.app */ = {isa = PBXFileReference; explicitFileType = wrapper.application; includeInIndex = 0; path = StoryboardOne.app; sourceTree = BUILT_PRODUCTS_DIR; };
		C29CA5AA1854BD2E009FFEB5 /* UIKit.framework */ = {isa = PBXFileReference; lastKnownFileType = wrapper.framework; name = UIKit.framework; path = System/Library/Frameworks/UIKit.framework; sourceTree = SDKROOT; };
		C29CA5AC1854BD2E009FFEB5 /* Foundation.framework */ = {isa = PBXFileReference; lastKnownFileType = wrapper.framework; name = Foundation.framework; path = System/Library/Frameworks/Foundation.framework; sourceTree = SDKROOT; };
		C29CA5AE1854BD2E009FFEB5 /* CoreGraphics.framework */ = {isa = PBXFileReference; lastKnownFileType = wrapper.framework; name = CoreGraphics.framework; path = System/Library/Frameworks/CoreGraphics.framework; sourceTree = SDKROOT; };
		C29CA5B21854BD2E009FFEB5 /* StoryboardOne-Info.plist */ = {isa = PBXFileReference; lastKnownFileType = text.plist.xml; path = "StoryboardOne-Info.plist"; sourceTree = "<group>"; };
		C29CA5B41854BD2E009FFEB5 /* en */ = {isa = PBXFileReference; lastKnownFileType = text.plist.strings; name = en; path = en.lproj/InfoPlist.strings; sourceTree = "<group>"; };
		C29CA5B61854BD2E009FFEB5 /* main.m */ = {isa = PBXFileReference; lastKnownFileType = sourcecode.c.objc; path = main.m; sourceTree = "<group>"; };
		C29CA5B81854BD2E009FFEB5 /* StoryboardOne-Prefix.pch */ = {isa = PBXFileReference; lastKnownFileType = sourcecode.c.h; path = "StoryboardOne-Prefix.pch"; sourceTree = "<group>"; };
		C29CA5B91854BD2E009FFEB5 /* AppDelegate.h */ = {isa = PBXFileReference; lastKnownFileType = sourcecode.c.h; path = AppDelegate.h; sourceTree = "<group>"; };
		C29CA5BA1854BD2E009FFEB5 /* AppDelegate.m */ = {isa = PBXFileReference; lastKnownFileType = sourcecode.c.objc; path = AppDelegate.m; sourceTree = "<group>"; };
		C29CA5BC1854BD2E009FFEB5 /* Default.png */ = {isa = PBXFileReference; lastKnownFileType = image.png; path = Default.png; sourceTree = "<group>"; };
		C29CA5BE1854BD2E009FFEB5 /* Default@2x.png */ = {isa = PBXFileReference; lastKnownFileType = image.png; path = "Default@2x.png"; sourceTree = "<group>"; };
		C29CA5C01854BD2E009FFEB5 /* Default-568h@2x.png */ = {isa = PBXFileReference; lastKnownFileType = image.png; path = "Default-568h@2x.png"; sourceTree = "<group>"; };
/* End PBXFileReference section */

/* Begin PBXFrameworksBuildPhase section */
		C29CA5A41854BD2E009FFEB5 /* Frameworks */ = {
			isa = PBXFrameworksBuildPhase;
			buildActionMask = 2147483647;
			files = (
				C29CA5AB1854BD2E009FFEB5 /* UIKit.framework in Frameworks */,
				C29CA5AD1854BD2E009FFEB5 /* Foundation.framework in Frameworks */,
				C29CA5AF1854BD2E009FFEB5 /* CoreGraphics.framework in Frameworks */,
			);
			runOnlyForDeploymentPostprocessing = 0;
		};
/* End PBXFrameworksBuildPhase section */

/* Begin PBXGroup section */
		C29CA59E1854BD2E009FFEB5 = {
			isa = PBXGroup;
			children = (
				C29CA5B01854BD2E009FFEB5 /* StoryboardOne */,
				C29CA5A91854BD2E009FFEB5 /* Frameworks */,
				C29CA5A81854BD2E009FFEB5 /* Products */,
			);
			sourceTree = "<group>";
		};
		C29CA5A81854BD2E009FFEB5 /* Products */ = {
			isa = PBXGroup;
			children = (
				C29CA5A71854BD2E009FFEB5 /* StoryboardOne.app */,
			);
			name = Products;
			sourceTree = "<group>";
		};
		C29CA5A91854BD2E009FFEB5 /* Frameworks */ = {
			isa = PBXGroup;
			children = (
				C29CA5AA1854BD2E009FFEB5 /* UIKit.framework */,
				C29CA5AC1854BD2E009FFEB5 /* Foundation.framework */,
				C29CA5AE1854BD2E009FFEB5 /* CoreGraphics.framework */,
			);
			name = Frameworks;
			sourceTree = "<group>";
		};
		C29CA5B01854BD2E009FFEB5 /* StoryboardOne */ = {
			isa = PBXGroup;
			children = (
				C29CA5B91854BD2E009FFEB5 /* AppDelegate.h */,
				C29CA5BA1854BD2E009FFEB5 /* AppDelegate.m */,
				C29CA5B11854BD2E009FFEB5 /* Supporting Files */,
			);
			path = StoryboardOne;
			sourceTree = "<group>";
		};
		C29CA5B11854BD2E009FFEB5 /* Supporting Files */ = {
			isa = PBXGroup;
			children = (
				C29CA5B21854BD2E009FFEB5 /* StoryboardOne-Info.plist */,
				C29CA5B31854BD2E009FFEB5 /* InfoPlist.strings */,
				C29CA5B61854BD2E009FFEB5 /* main.m */,
				C29CA5B81854BD2E009FFEB5 /* StoryboardOne-Prefix.pch */,
				C29CA5BC1854BD2E009FFEB5 /* Default.png */,
				C29CA5BE1854BD2E009FFEB5 /* Default@2x.png */,
				C29CA5C01854BD2E009FFEB5 /* Default-568h@2x.png */,
			);
			name = "Supporting Files";
			sourceTree = "<group>";
		};
/* End PBXGroup section */

/* Begin PBXNativeTarget section */
		C29CA5A61854BD2E009FFEB5 /* StoryboardOne */ = {
			isa = PBXNativeTarget;
			buildConfigurationList = C29CA5C41854BD2E009FFEB5 /* Build configuration list for PBXNativeTarget "StoryboardOne" */;
			buildPhases = (
				C29CA5A31854BD2E009FFEB5 /* Sources */,
				C29CA5A41854BD2E009FFEB5 /* Frameworks */,
				C29CA5A51854BD2E009FFEB5 /* Resources */,
			);
			buildRules = (
			);
			dependencies = (
			);
			name = StoryboardOne;
			productName = StoryboardOne;
			productReference = C29CA5A71854BD2E009FFEB5 /* StoryboardOne.app */;
			productType = "com.apple.product-type.application";
		};
/* End PBXNativeTarget section */

/* Begin PBXProject section */
		C29CA59F1854BD2E009FFEB5 /* Project object */ = {
			isa = PBXProject;
			attributes = {
				LastUpgradeCheck = 0460;
				ORGANIZATIONNAME = TW;
			};
			buildConfigurationList = C29CA5A21854BD2E009FFEB5 /* Build configuration list for PBXProject "StoryboardOne" */;
			compatibilityVersion = "Xcode 3.2";
			developmentRegion = English;
			hasScannedForEncodings = 0;
			knownRegions = (
				en,
			);
			mainGroup = C29CA59E1854BD2E009FFEB5;
			productRefGroup = C29CA5A81854BD2E009FFEB5 /* Products */;
			projectDirPath = "";
			projectRoot = "";
			targets = (
				C29CA5A61854BD2E009FFEB5 /* StoryboardOne */,
			);
		};
/* End PBXProject section */

/* Begin PBXResourcesBuildPhase section */
		C29CA5A51854BD2E009FFEB5 /* Resources */ = {
			isa = PBXResourcesBuildPhase;
			buildActionMask = 2147483647;
			files = (
				C29CA5B51854BD2E009FFEB5 /* InfoPlist.strings in Resources */,
				C29CA5BD1854BD2E009FFEB5 /* Default.png in Resources */,
				C29CA5BF1854BD2E009FFEB5 /* Default@2x.png in Resources */,
				C29CA5C11854BD2E009FFEB5 /* Default-568h@2x.png in Resources */,
			);
			runOnlyForDeploymentPostprocessing = 0;
		};
/* End PBXResourcesBuildPhase section */

/* Begin PBXSourcesBuildPhase section */
		C29CA5A31854BD2E009FFEB5 /* Sources */ = {
			isa = PBXSourcesBuildPhase;
			buildActionMask = 2147483647;
			files = (
				C29CA5B71854BD2E009FFEB5 /* main.m in Sources */,
				C29CA5BB1854BD2E009FFEB5 /* AppDelegate.m in Sources */,
			);
			runOnlyForDeploymentPostprocessing = 0;
		};
/* End PBXSourcesBuildPhase section */

/* Begin PBXVariantGroup section */
		C29CA5B31854BD2E009FFEB5 /* InfoPlist.strings */ = {
			isa = PBXVariantGroup;
			children = (
				C29CA5B41854BD2E009FFEB5 /* en */,
			);
			name = InfoPlist.strings;
			sourceTree = "<group>";
		};
/* End PBXVariantGroup section */

/* Begin XCBuildConfiguration section */
		C29CA5C21854BD2E009FFEB5 /* Debug */ = {
			isa = XCBuildConfiguration;
			buildSettings = {
				ALWAYS_SEARCH_USER_PATHS = NO;
				CLANG_CXX_LANGUAGE_STANDARD = "gnu++0x";
				CLANG_CXX_LIBRARY = "libc++";
				CLANG_ENABLE_OBJC_ARC = YES;
				CLANG_WARN_CONSTANT_CONVERSION = YES;
				CLANG_WARN_EMPTY_BODY = YES;
				CLANG_WARN_ENUM_CONVERSION = YES;
				CLANG_WARN_INT_CONVERSION = YES;
				CLANG_WARN__DUPLICATE_METHOD_MATCH = YES;
				"CODE_SIGN_IDENTITY[sdk=iphoneos*]" = "iPhone Developer";
				COPY_PHASE_STRIP = NO;
				GCC_C_LANGUAGE_STANDARD = gnu99;
				GCC_DYNAMIC_NO_PIC = NO;
				GCC_OPTIMIZATION_LEVEL = 0;
				GCC_PREPROCESSOR_DEFINITIONS = (
					"DEBUG=1",
					"$(inherited)",
				);
				GCC_SYMBOLS_PRIVATE_EXTERN = NO;
				GCC_WARN_ABOUT_RETURN_TYPE = YES;
				GCC_WARN_UNINITIALIZED_AUTOS = YES;
				GCC_WARN_UNUSED_VARIABLE = YES;
				IPHONEOS_DEPLOYMENT_TARGET = 6.1;
				ONLY_ACTIVE_ARCH = YES;
				SDKROOT = iphoneos;
			};
			name = Debug;
		};
		C29CA5C31854BD2E009FFEB5 /* Release */ = {
			isa = XCBuildConfiguration;
			buildSettings = {
				ALWAYS_SEARCH_USER_PATHS = NO;
				CLANG_CXX_LANGUAGE_STANDARD = "gnu++0x";
				CLANG_CXX_LIBRARY = "libc++";
				CLANG_ENABLE_OBJC_ARC = YES;
				CLANG_WARN_CONSTANT_CONVERSION = YES;
				CLANG_WARN_EMPTY_BODY = YES;
				CLANG_WARN_ENUM_CONVERSION = YES;
				CLANG_WARN_INT_CONVERSION = YES;
				CLANG_WARN__DUPLICATE_METHOD_MATCH = YES;
				"CODE_SIGN_IDENTITY[sdk=iphoneos*]" = "iPhone Developer";
				COPY_PHASE_STRIP = YES;
				GCC_C_LANGUAGE_STANDARD = gnu99;
				GCC_WARN_ABOUT_RETURN_TYPE = YES;
				GCC_WARN_UNINITIALIZED_AUTOS = YES;
				GCC_WARN_UNUSED_VARIABLE = YES;
				IPHONEOS_DEPLOYMENT_TARGET = 6.1;
				OTHER_CFLAGS = "-DNS_BLOCK_ASSERTIONS=1";
				SDKROOT = iphoneos;
				VALIDATE_PRODUCT = YES;
			};
			name = Release;
		};
		C29CA5C51854BD2E009FFEB5 /* Debug */ = {
			isa = XCBuildConfiguration;
			buildSettings = {
				GCC_PRECOMPILE_PREFIX_HEADER = YES;
				GCC_PREFIX_HEADER = "StoryboardOne/StoryboardOne-Prefix.pch";
				INFOPLIST_FILE = "StoryboardOne/StoryboardOne-Info.plist";
				PRODUCT_NAME = "$(TARGET_NAME)";
				WRAPPER_EXTENSION = app;
			};
			name = Debug;
		};
		C29CA5C61854BD2E009FFEB5 /* Release */ = {
			isa = XCBuildConfiguration;
			buildSettings = {
				GCC_PRECOMPILE_PREFIX_HEADER = YES;
				GCC_PREFIX_HEADER = "StoryboardOne/StoryboardOne-Prefix.pch";
				INFOPLIST_FILE = "StoryboardOne/StoryboardOne-Info.plist";
				PRODUCT_NAME = "$(TARGET_NAME)";
				WRAPPER_EXTENSION = app;
			};
			name = Release;
		};
/* End XCBuildConfiguration section */

/* Begin XCConfigurationList section */
		C29CA5A21854BD2E009FFEB5 /* Build configuration list for PBXProject "StoryboardOne" */ = {
			isa = XCConfigurationList;
			buildConfigurations = (
				C29CA5C21854BD2E009FFEB5 /* Debug */,
				C29CA5C31854BD2E009FFEB5 /* Release */,
			);
			defaultConfigurationIsVisible = 0;
			defaultConfigurationName = Release;
		};
		C29CA5C41854BD2E009FFEB5 /* Build configuration list for PBXNativeTarget "StoryboardOne" */ = {
			isa = XCConfigurationList;
			buildConfigurations = (
				C29CA5C51854BD2E009FFEB5 /* Debug */,
				C29CA5C61854BD2E009FFEB5 /* Release */,
			);
			defaultConfigurationIsVisible = 0;
		};
/* End XCConfigurationList section */
	};
	rootObject = C29CA59F1854BD2E009FFEB5 /* Project object */;
}
